
Microsoft Visual Studio Solution File, Format Version 12.00
# Visual Studio 2012
Project("{8BC9CEB8-8B4A-11D0-8D11-00A0C91BC942}") = "2.3.5", "2.3.5\2.3.5.vcxproj", "{AE3C0162-EFC8-41B3-8EA8-5B2542F5B7B7}"
EndProject
Global
	GlobalSection(SolutionConfigurationPlatforms) = preSolution
		Debug|Win32 = Debug|Win32
		Release|Win32 = Release|Win32
	EndGlobalSection
	GlobalSection(ProjectConfigurationPlatforms) = postSolution
		{AE3C0162-EFC8-41B3-8EA8-5B2542F5B7B7}.Debug|Win32.ActiveCfg = Debug|Win32
		{AE3C0162-EFC8-41B3-8EA8-5B2542F5B7B7}.Debug|Win32.Build.0 = Debug|Win32
		{AE3C0162-EFC8-41B3-8EA8-5B2542F5B7B7}.Release|Win32.ActiveCfg = Release|Win32
		{AE3C0162-EFC8-41B3-8EA8-5B2542F5B7B7}.Release|Win32.Build.0 = Release|Win32
	EndGlobalSection
	GlobalSection(SolutionProperties) = preSolution
		HideSolutionNode = FALSE
	EndGlobalSection
EndGlobal
